
Microsoft Visual Studio Solution File, Format Version 12.00
Project("{FAE04EC0-301F-11D3-BF4B-00C04F79EFBC}") = "KataSolution", "KataSolution\KataSolution.csproj", "{A5D94F2E-1170-40BC-B290-E0684F8578F4}"
EndProject
Global
	GlobalSection(SolutionConfigurationPlatforms) = preSolution
		Debug|Any CPU = Debug|Any CPU
		Release|Any CPU = Release|Any CPU
	EndGlobalSection
	GlobalSection(ProjectConfigurationPlatforms) = postSolution
		{A5D94F2E-1170-40BC-B290-E0684F8578F4}.Debug|Any CPU.ActiveCfg = Debug|Any CPU
		{A5D94F2E-1170-40BC-B290-E0684F8578F4}.Debug|Any CPU.Build.0 = Debug|Any CPU
		{A5D94F2E-1170-40BC-B290-E0684F8578F4}.Release|Any CPU.ActiveCfg = Release|Any CPU
		{A5D94F2E-1170-40BC-B290-E0684F8578F4}.Release|Any CPU.Build.0 = Release|Any CPU
	EndGlobalSection
EndGlobal
